
Microsoft Visual Studio Solution File, Format Version 9.00
# Visual Studio 2005
Project("{8BC9CEB8-8B4A-11D0-8D11-00A0C91BC942}") = "MW2Shim", "MW2Shim\MW2Shim.vcproj", "{E276B066-F87E-41EE-8E50-A0756B6FEDA0}"
EndProject
Project("{8BC9CEB8-8B4A-11D0-8D11-00A0C91BC942}") = "MW2Inject", "MW2Inject\MW2Inject.vcproj", "{8C002CD3-E444-4ED8-9DA9-D87867A5DB2A}"
EndProject
Global
	GlobalSection(SolutionConfigurationPlatforms) = preSolution
		Debug|Win32 = Debug|Win32
		Release|Win32 = Release|Win32
	EndGlobalSection
	GlobalSection(ProjectConfigurationPlatforms) = postSolution
		{E276B066-F87E-41EE-8E50-A0756B6FEDA0}.Debug|Win32.ActiveCfg = Debug|Win32
		{E276B066-F87E-41EE-8E50-A0756B6FEDA0}.Debug|Win32.Build.0 = Debug|Win32
		{E276B066-F87E-41EE-8E50-A0756B6FEDA0}.Release|Win32.ActiveCfg = Release|Win32
		{E276B066-F87E-41EE-8E50-A0756B6FEDA0}.Release|Win32.Build.0 = Release|Win32
		{8C002CD3-E444-4ED8-9DA9-D87867A5DB2A}.Debug|Win32.ActiveCfg = Debug|Win32
		{8C002CD3-E444-4ED8-9DA9-D87867A5DB2A}.Debug|Win32.Build.0 = Debug|Win32
		{8C002CD3-E444-4ED8-9DA9-D87867A5DB2A}.Release|Win32.ActiveCfg = Release|Win32
		{8C002CD3-E444-4ED8-9DA9-D87867A5DB2A}.Release|Win32.Build.0 = Release|Win32
	EndGlobalSection
	GlobalSection(SolutionProperties) = preSolution
		HideSolutionNode = FALSE
	EndGlobalSection
EndGlobal
